
Microsoft Visual Studio Solution File, Format Version 12.00
# Visual Studio 15
VisualStudioVersion = 15.0.28010.2003
MinimumVisualStudioVersion = 10.0.40219.1
Project("{8BC9CEB8-8B4A-11D0-8D11-00A0C91BC942}") = "Times_Table", "Times_Table\Times_Table.vcxproj", "{5C83C63D-340E-4948-B640-C3021225102E}"
EndProject
Global
	GlobalSection(SolutionConfigurationPlatforms) = preSolution
		Debug|x64 = Debug|x64
		Debug|x86 = Debug|x86
		Release|x64 = Release|x64
		Release|x86 = Release|x86
	EndGlobalSection
	GlobalSection(ProjectConfigurationPlatforms) = postSolution
		{5C83C63D-340E-4948-B640-C3021225102E}.Debug|x64.ActiveCfg = Debug|x64
		{5C83C63D-340E-4948-B640-C3021225102E}.Debug|x64.Build.0 = Debug|x64
		{5C83C63D-340E-4948-B640-C3021225102E}.Debug|x86.ActiveCfg = Debug|Win32
		{5C83C63D-340E-4948-B640-C3021225102E}.Debug|x86.Build.0 = Debug|Win32
		{5C83C63D-340E-4948-B640-C3021225102E}.Release|x64.ActiveCfg = Release|x64
		{5C83C63D-340E-4948-B640-C3021225102E}.Release|x64.Build.0 = Release|x64
		{5C83C63D-340E-4948-B640-C3021225102E}.Release|x86.ActiveCfg = Release|Win32
		{5C83C63D-340E-4948-B640-C3021225102E}.Release|x86.Build.0 = Release|Win32
	EndGlobalSection
	GlobalSection(SolutionProperties) = preSolution
		HideSolutionNode = FALSE
	EndGlobalSection
	GlobalSection(ExtensibilityGlobals) = postSolution
		SolutionGuid = {4A8F5471-1EF8-4098-A4D3-0397706DCEB8}
	EndGlobalSection
EndGlobal
